
Microsoft Visual Studio Solution File, Format Version 12.00
# Visual Studio Version 17
VisualStudioVersion = 17.3.32922.545
MinimumVisualStudioVersion = 10.0.40219.1
Project("{FAE04EC0-301F-11D3-BF4B-00C04F79EFBC}") = "StockAPI", "StockAPI\StockAPI.csproj", "{AB0CE281-85BD-4700-BC69-C3704C1291A1}"
EndProject
Global
	GlobalSection(SolutionConfigurationPlatforms) = preSolution
		Debug|Any CPU = Debug|Any CPU
		Release|Any CPU = Release|Any CPU
	EndGlobalSection
	GlobalSection(ProjectConfigurationPlatforms) = postSolution
		{AB0CE281-85BD-4700-BC69-C3704C1291A1}.Debug|Any CPU.ActiveCfg = Debug|Any CPU
		{AB0CE281-85BD-4700-BC69-C3704C1291A1}.Debug|Any CPU.Build.0 = Debug|Any CPU
		{AB0CE281-85BD-4700-BC69-C3704C1291A1}.Release|Any CPU.ActiveCfg = Release|Any CPU
		{AB0CE281-85BD-4700-BC69-C3704C1291A1}.Release|Any CPU.Build.0 = Release|Any CPU
	EndGlobalSection
	GlobalSection(SolutionProperties) = preSolution
		HideSolutionNode = FALSE
	EndGlobalSection
	GlobalSection(ExtensibilityGlobals) = postSolution
		SolutionGuid = {9C71B609-4F07-4202-AE19-68F3221CC707}
	EndGlobalSection
EndGlobal
